// !$*UTF8*$!
{
	archiveVersion = 1;
	classes = {
	};
	objectVersion = 50;
	objects = {

/* Begin PBXBuildFile section */
		C586BBC524635EB4007E3C3F /* AppDelegate.swift in Sources */ = {isa = PBXBuildFile; fileRef = C586BBC424635EB4007E3C3F /* AppDelegate.swift */; };
		C586BBC724635EB4007E3C3F /* SceneDelegate.swift in Sources */ = {isa = PBXBuildFile; fileRef = C586BBC624635EB4007E3C3F /* SceneDelegate.swift */; };
		C586BBC924635EB4007E3C3F /* HomeController.swift in Sources */ = {isa = PBXBuildFile; fileRef = C586BBC824635EB4007E3C3F /* HomeController.swift */; };
		C586BBCB24635EB5007E3C3F /* Assets.xcassets in Resources */ = {isa = PBXBuildFile; fileRef = C586BBCA24635EB5007E3C3F /* Assets.xcassets */; };
		C586BBCE24635EB5007E3C3F /* Preview Assets.xcassets in Resources */ = {isa = PBXBuildFile; fileRef = C586BBCD24635EB5007E3C3F /* Preview Assets.xcassets */; };
		C586BBD124635EB5007E3C3F /* LaunchScreen.storyboard in Resources */ = {isa = PBXBuildFile; fileRef = C586BBCF24635EB5007E3C3F /* LaunchScreen.storyboard */; };
		C586BBDC24635EB6007E3C3F /* TinderCloneTests.swift in Sources */ = {isa = PBXBuildFile; fileRef = C586BBDB24635EB6007E3C3F /* TinderCloneTests.swift */; };
		C586BBE724635EB6007E3C3F /* TinderCloneUITests.swift in Sources */ = {isa = PBXBuildFile; fileRef = C586BBE624635EB6007E3C3F /* TinderCloneUITests.swift */; };
		C586BBF624636517007E3C3F /* UIView.swift in Sources */ = {isa = PBXBuildFile; fileRef = C586BBF524636517007E3C3F /* UIView.swift */; };
		C5F7ECFB24AA668500C712D9 /* HomeBottomControlsStackView.swift in Sources */ = {isa = PBXBuildFile; fileRef = C5F7ECFA24AA668500C712D9 /* HomeBottomControlsStackView.swift */; };
		C5F7ECFD24AA926300C712D9 /* TopNavigationStackView.swift in Sources */ = {isa = PBXBuildFile; fileRef = C5F7ECFC24AA926300C712D9 /* TopNavigationStackView.swift */; };
		C5F7ECFF24AA9BD700C712D9 /* CardView.swift in Sources */ = {isa = PBXBuildFile; fileRef = C5F7ECFE24AA9BD700C712D9 /* CardView.swift */; };
		C5F7ED0224ABCD0200C712D9 /* User.swift in Sources */ = {isa = PBXBuildFile; fileRef = C5F7ED0124ABCD0200C712D9 /* User.swift */; };
		C5F7ED0524ABDB2800C712D9 /* CardViewModel.swift in Sources */ = {isa = PBXBuildFile; fileRef = C5F7ED0424ABDB2800C712D9 /* CardViewModel.swift */; };
		C5F7ED0724AD0ABF00C712D9 /* Advertiser.swift in Sources */ = {isa = PBXBuildFile; fileRef = C5F7ED0624AD0ABF00C712D9 /* Advertiser.swift */; };
/* End PBXBuildFile section */

/* Begin PBXContainerItemProxy section */
		C586BBD824635EB6007E3C3F /* PBXContainerItemProxy */ = {
			isa = PBXContainerItemProxy;
			containerPortal = C586BBB924635EB4007E3C3F /* Project object */;
			proxyType = 1;
			remoteGlobalIDString = C586BBC024635EB4007E3C3F;
			remoteInfo = TinderClone;
		};
		C586BBE324635EB6007E3C3F /* PBXContainerItemProxy */ = {
			isa = PBXContainerItemProxy;
			containerPortal = C586BBB924635EB4007E3C3F /* Project object */;
			proxyType = 1;
			remoteGlobalIDString = C586BBC024635EB4007E3C3F;
			remoteInfo = TinderClone;
		};
/* End PBXContainerItemProxy section */

/* Begin PBXFileReference section */
		C586BBC124635EB4007E3C3F /* TinderClone.app */ = {isa = PBXFileReference; explicitFileType = wrapper.application; includeInIndex = 0; path = TinderClone.app; sourceTree = BUILT_PRODUCTS_DIR; };
		C586BBC424635EB4007E3C3F /* AppDelegate.swift */ = {isa = PBXFileReference; lastKnownFileType = sourcecode.swift; path = AppDelegate.swift; sourceTree = "<group>"; };
		C586BBC624635EB4007E3C3F /* SceneDelegate.swift */ = {isa = PBXFileReference; lastKnownFileType = sourcecode.swift; path = SceneDelegate.swift; sourceTree = "<group>"; };
		C586BBC824635EB4007E3C3F /* HomeController.swift */ = {isa = PBXFileReference; lastKnownFileType = sourcecode.swift; path = HomeController.swift; sourceTree = "<group>"; };
		C586BBCA24635EB5007E3C3F /* Assets.xcassets */ = {isa = PBXFileReference; lastKnownFileType = folder.assetcatalog; path = Assets.xcassets; sourceTree = "<group>"; };
		C586BBCD24635EB5007E3C3F /* Preview Assets.xcassets */ = {isa = PBXFileReference; lastKnownFileType = folder.assetcatalog; path = "Preview Assets.xcassets"; sourceTree = "<group>"; };
		C586BBD024635EB5007E3C3F /* Base */ = {isa = PBXFileReference; lastKnownFileType = file.storyboard; name = Base; path = Base.lproj/LaunchScreen.storyboard; sourceTree = "<group>"; };
		C586BBD224635EB5007E3C3F /* Info.plist */ = {isa = PBXFileReference; lastKnownFileType = text.plist.xml; path = Info.plist; sourceTree = "<group>"; };
		C586BBD724635EB6007E3C3F /* TinderCloneTests.xctest */ = {isa = PBXFileReference; explicitFileType = wrapper.cfbundle; includeInIndex = 0; path = TinderCloneTests.xctest; sourceTree = BUILT_PRODUCTS_DIR; };
		C586BBDB24635EB6007E3C3F /* TinderCloneTests.swift */ = {isa = PBXFileReference; lastKnownFileType = sourcecode.swift; path = TinderCloneTests.swift; sourceTree = "<group>"; };
		C586BBDD24635EB6007E3C3F /* Info.plist */ = {isa = PBXFileReference; lastKnownFileType = text.plist.xml; path = Info.plist; sourceTree = "<group>"; };
		C586BBE224635EB6007E3C3F /* TinderCloneUITests.xctest */ = {isa = PBXFileReference; explicitFileType = wrapper.cfbundle; includeInIndex = 0; path = TinderCloneUITests.xctest; sourceTree = BUILT_PRODUCTS_DIR; };
		C586BBE624635EB6007E3C3F /* TinderCloneUITests.swift */ = {isa = PBXFileReference; lastKnownFileType = sourcecode.swift; path = TinderCloneUITests.swift; sourceTree = "<group>"; };
		C586BBE824635EB6007E3C3F /* Info.plist */ = {isa = PBXFileReference; lastKnownFileType = text.plist.xml; path = Info.plist; sourceTree = "<group>"; };
		C586BBF524636517007E3C3F /* UIView.swift */ = {isa = PBXFileReference; lastKnownFileType = sourcecode.swift; path = UIView.swift; sourceTree = "<group>"; };
		C5F7ECFA24AA668500C712D9 /* HomeBottomControlsStackView.swift */ = {isa = PBXFileReference; lastKnownFileType = sourcecode.swift; path = HomeBottomControlsStackView.swift; sourceTree = "<group>"; };
		C5F7ECFC24AA926300C712D9 /* TopNavigationStackView.swift */ = {isa = PBXFileReference; lastKnownFileType = sourcecode.swift; path = TopNavigationStackView.swift; sourceTree = "<group>"; };
		C5F7ECFE24AA9BD700C712D9 /* CardView.swift */ = {isa = PBXFileReference; lastKnownFileType = sourcecode.swift; path = CardView.swift; sourceTree = "<group>"; };
		C5F7ED0124ABCD0200C712D9 /* User.swift */ = {isa = PBXFileReference; lastKnownFileType = sourcecode.swift; path = User.swift; sourceTree = "<group>"; };
		C5F7ED0424ABDB2800C712D9 /* CardViewModel.swift */ = {isa = PBXFileReference; lastKnownFileType = sourcecode.swift; path = CardViewModel.swift; sourceTree = "<group>"; };
		C5F7ED0624AD0ABF00C712D9 /* Advertiser.swift */ = {isa = PBXFileReference; lastKnownFileType = sourcecode.swift; path = Advertiser.swift; sourceTree = "<group>"; };
/* End PBXFileReference section */

/* Begin PBXFrameworksBuildPhase section */
		C586BBBE24635EB4007E3C3F /* Frameworks */ = {
			isa = PBXFrameworksBuildPhase;
			buildActionMask = 2147483647;
			files = (
			);
			runOnlyForDeploymentPostprocessing = 0;
		};
		C586BBD424635EB5007E3C3F /* Frameworks */ = {
			isa = PBXFrameworksBuildPhase;
			buildActionMask = 2147483647;
			files = (
			);
			runOnlyForDeploymentPostprocessing = 0;
		};
		C586BBDF24635EB6007E3C3F /* Frameworks */ = {
			isa = PBXFrameworksBuildPhase;
			buildActionMask = 2147483647;
			files = (
			);
			runOnlyForDeploymentPostprocessing = 0;
		};
/* End PBXFrameworksBuildPhase section */

/* Begin PBXGroup section */
		C586BBB824635EB4007E3C3F = {
			isa = PBXGroup;
			children = (
				C586BBC324635EB4007E3C3F /* TinderClone */,
				C586BBDA24635EB6007E3C3F /* TinderCloneTests */,
				C586BBE524635EB6007E3C3F /* TinderCloneUITests */,
				C586BBC224635EB4007E3C3F /* Products */,
			);
			sourceTree = "<group>";
		};
		C586BBC224635EB4007E3C3F /* Products */ = {
			isa = PBXGroup;
			children = (
				C586BBC124635EB4007E3C3F /* TinderClone.app */,
				C586BBD724635EB6007E3C3F /* TinderCloneTests.xctest */,
				C586BBE224635EB6007E3C3F /* TinderCloneUITests.xctest */,
			);
			name = Products;
			sourceTree = "<group>";
		};
		C586BBC324635EB4007E3C3F /* TinderClone */ = {
			isa = PBXGroup;
			children = (
				C5F7ED0324ABDB1000C712D9 /* ViewModels */,
				C5F7ED0024ABCCD700C712D9 /* Model */,
				C5F7ECF924AA663400C712D9 /* Views */,
				C5F7ED0824AE681700C712D9 /* Controllers */,
				C586BBF4246364E6007E3C3F /* Extensions */,
				C586BBC424635EB4007E3C3F /* AppDelegate.swift */,
				C586BBC624635EB4007E3C3F /* SceneDelegate.swift */,
				C586BBCA24635EB5007E3C3F /* Assets.xcassets */,
				C586BBCF24635EB5007E3C3F /* LaunchScreen.storyboard */,
				C586BBD224635EB5007E3C3F /* Info.plist */,
				C586BBCC24635EB5007E3C3F /* Preview Content */,
			);
			path = TinderClone;
			sourceTree = "<group>";
		};
		C586BBCC24635EB5007E3C3F /* Preview Content */ = {
			isa = PBXGroup;
			children = (
				C586BBCD24635EB5007E3C3F /* Preview Assets.xcassets */,
			);
			path = "Preview Content";
			sourceTree = "<group>";
		};
		C586BBDA24635EB6007E3C3F /* TinderCloneTests */ = {
			isa = PBXGroup;
			children = (
				C586BBDB24635EB6007E3C3F /* TinderCloneTests.swift */,
				C586BBDD24635EB6007E3C3F /* Info.plist */,
			);
			path = TinderCloneTests;
			sourceTree = "<group>";
		};
		C586BBE524635EB6007E3C3F /* TinderCloneUITests */ = {
			isa = PBXGroup;
			children = (
				C586BBE624635EB6007E3C3F /* TinderCloneUITests.swift */,
				C586BBE824635EB6007E3C3F /* Info.plist */,
			);
			path = TinderCloneUITests;
			sourceTree = "<group>";
		};
		C586BBF4246364E6007E3C3F /* Extensions */ = {
			isa = PBXGroup;
			children = (
				C586BBF524636517007E3C3F /* UIView.swift */,
			);
			path = Extensions;
			sourceTree = "<group>";
		};
		C5F7ECF924AA663400C712D9 /* Views */ = {
			isa = PBXGroup;
			children = (
				C5F7ECFA24AA668500C712D9 /* HomeBottomControlsStackView.swift */,
				C5F7ECFC24AA926300C712D9 /* TopNavigationStackView.swift */,
				C5F7ECFE24AA9BD700C712D9 /* CardView.swift */,
			);
			path = Views;
			sourceTree = "<group>";
		};
		C5F7ED0024ABCCD700C712D9 /* Model */ = {
			isa = PBXGroup;
			children = (
				C5F7ED0124ABCD0200C712D9 /* User.swift */,
				C5F7ED0624AD0ABF00C712D9 /* Advertiser.swift */,
			);
			path = Model;
			sourceTree = "<group>";
		};
		C5F7ED0324ABDB1000C712D9 /* ViewModels */ = {
			isa = PBXGroup;
			children = (
				C5F7ED0424ABDB2800C712D9 /* CardViewModel.swift */,
			);
			path = ViewModels;
			sourceTree = "<group>";
		};
		C5F7ED0824AE681700C712D9 /* Controllers */ = {
			isa = PBXGroup;
			children = (
				C586BBC824635EB4007E3C3F /* HomeController.swift */,
			);
			path = Controllers;
			sourceTree = "<group>";
		};
/* End PBXGroup section */

/* Begin PBXNativeTarget section */
		C586BBC024635EB4007E3C3F /* TinderClone */ = {
			isa = PBXNativeTarget;
			buildConfigurationList = C586BBEB24635EB6007E3C3F /* Build configuration list for PBXNativeTarget "TinderClone" */;
			buildPhases = (
				C586BBBD24635EB4007E3C3F /* Sources */,
				C586BBBE24635EB4007E3C3F /* Frameworks */,
				C586BBBF24635EB4007E3C3F /* Resources */,
			);
			buildRules = (
			);
			dependencies = (
			);
			name = TinderClone;
			productName = TinderClone;
			productReference = C586BBC124635EB4007E3C3F /* TinderClone.app */;
			productType = "com.apple.product-type.application";
		};
		C586BBD624635EB5007E3C3F /* TinderCloneTests */ = {
			isa = PBXNativeTarget;
			buildConfigurationList = C586BBEE24635EB6007E3C3F /* Build configuration list for PBXNativeTarget "TinderCloneTests" */;
			buildPhases = (
				C586BBD324635EB5007E3C3F /* Sources */,
				C586BBD424635EB5007E3C3F /* Frameworks */,
				C586BBD524635EB5007E3C3F /* Resources */,
			);
			buildRules = (
			);
			dependencies = (
				C586BBD924635EB6007E3C3F /* PBXTargetDependency */,
			);
			name = TinderCloneTests;
			productName = TinderCloneTests;
			productReference = C586BBD724635EB6007E3C3F /* TinderCloneTests.xctest */;
			productType = "com.apple.product-type.bundle.unit-test";
		};
		C586BBE124635EB6007E3C3F /* TinderCloneUITests */ = {
			isa = PBXNativeTarget;
			buildConfigurationList = C586BBF124635EB6007E3C3F /* Build configuration list for PBXNativeTarget "TinderCloneUITests" */;
			buildPhases = (
				C586BBDE24635EB6007E3C3F /* Sources */,
				C586BBDF24635EB6007E3C3F /* Frameworks */,
				C586BBE024635EB6007E3C3F /* Resources */,
			);
			buildRules = (
			);
			dependencies = (
				C586BBE424635EB6007E3C3F /* PBXTargetDependency */,
			);
			name = TinderCloneUITests;
			productName = TinderCloneUITests;
			productReference = C586BBE224635EB6007E3C3F /* TinderCloneUITests.xctest */;
			productType = "com.apple.product-type.bundle.ui-testing";
		};
/* End PBXNativeTarget section */

/* Begin PBXProject section */
		C586BBB924635EB4007E3C3F /* Project object */ = {
			isa = PBXProject;
			attributes = {
				LastSwiftUpdateCheck = 1140;
				LastUpgradeCheck = 1140;
				ORGANIZATIONNAME = "Jacobo Hernandez";
				TargetAttributes = {
					C586BBC024635EB4007E3C3F = {
						CreatedOnToolsVersion = 11.4;
					};
					C586BBD624635EB5007E3C3F = {
						CreatedOnToolsVersion = 11.4;
						TestTargetID = C586BBC024635EB4007E3C3F;
					};
					C586BBE124635EB6007E3C3F = {
						CreatedOnToolsVersion = 11.4;
						TestTargetID = C586BBC024635EB4007E3C3F;
					};
				};
			};
			buildConfigurationList = C586BBBC24635EB4007E3C3F /* Build configuration list for PBXProject "TinderClone" */;
			compatibilityVersion = "Xcode 9.3";
			developmentRegion = en;
			hasScannedForEncodings = 0;
			knownRegions = (
				en,
				Base,
			);
			mainGroup = C586BBB824635EB4007E3C3F;
			productRefGroup = C586BBC224635EB4007E3C3F /* Products */;
			projectDirPath = "";
			projectRoot = "";
			targets = (
				C586BBC024635EB4007E3C3F /* TinderClone */,
				C586BBD624635EB5007E3C3F /* TinderCloneTests */,
				C586BBE124635EB6007E3C3F /* TinderCloneUITests */,
			);
		};
/* End PBXProject section */

/* Begin PBXResourcesBuildPhase section */
		C586BBBF24635EB4007E3C3F /* Resources */ = {
			isa = PBXResourcesBuildPhase;
			buildActionMask = 2147483647;
			files = (
				C586BBD124635EB5007E3C3F /* LaunchScreen.storyboard in Resources */,
				C586BBCE24635EB5007E3C3F /* Preview Assets.xcassets in Resources */,
				C586BBCB24635EB5007E3C3F /* Assets.xcassets in Resources */,
			);
			runOnlyForDeploymentPostprocessing = 0;
		};
		C586BBD524635EB5007E3C3F /* Resources */ = {
			isa = PBXResourcesBuildPhase;
			buildActionMask = 2147483647;
			files = (
			);
			runOnlyForDeploymentPostprocessing = 0;
		};
		C586BBE024635EB6007E3C3F /* Resources */ = {
			isa = PBXResourcesBuildPhase;
			buildActionMask = 2147483647;
			files = (
			);
			runOnlyForDeploymentPostprocessing = 0;
		};
/* End PBXResourcesBuildPhase section */

/* Begin PBXSourcesBuildPhase section */
		C586BBBD24635EB4007E3C3F /* Sources */ = {
			isa = PBXSourcesBuildPhase;
			buildActionMask = 2147483647;
			files = (
				C5F7ED0724AD0ABF00C712D9 /* Advertiser.swift in Sources */,
				C5F7ECFF24AA9BD700C712D9 /* CardView.swift in Sources */,
				C586BBF624636517007E3C3F /* UIView.swift in Sources */,
				C586BBC524635EB4007E3C3F /* AppDelegate.swift in Sources */,
				C5F7ECFB24AA668500C712D9 /* HomeBottomControlsStackView.swift in Sources */,
				C5F7ED0224ABCD0200C712D9 /* User.swift in Sources */,
				C5F7ECFD24AA926300C712D9 /* TopNavigationStackView.swift in Sources */,
				C586BBC724635EB4007E3C3F /* SceneDelegate.swift in Sources */,
				C586BBC924635EB4007E3C3F /* HomeController.swift in Sources */,
				C5F7ED0524ABDB2800C712D9 /* CardViewModel.swift in Sources */,
			);
			runOnlyForDeploymentPostprocessing = 0;
		};
		C586BBD324635EB5007E3C3F /* Sources */ = {
			isa = PBXSourcesBuildPhase;
			buildActionMask = 2147483647;
			files = (
				C586BBDC24635EB6007E3C3F /* TinderCloneTests.swift in Sources */,
			);
			runOnlyForDeploymentPostprocessing = 0;
		};
		C586BBDE24635EB6007E3C3F /* Sources */ = {
			isa = PBXSourcesBuildPhase;
			buildActionMask = 2147483647;
			files = (
				C586BBE724635EB6007E3C3F /* TinderCloneUITests.swift in Sources */,
			);
			runOnlyForDeploymentPostprocessing = 0;
		};
/* End PBXSourcesBuildPhase section */

/* Begin PBXTargetDependency section */
		C586BBD924635EB6007E3C3F /* PBXTargetDependency */ = {
			isa = PBXTargetDependency;
			target = C586BBC024635EB4007E3C3F /* TinderClone */;
			targetProxy = C586BBD824635EB6007E3C3F /* PBXContainerItemProxy */;
		};
		C586BBE424635EB6007E3C3F /* PBXTargetDependency */ = {
			isa = PBXTargetDependency;
			target = C586BBC024635EB4007E3C3F /* TinderClone */;
			targetProxy = C586BBE324635EB6007E3C3F /* PBXContainerItemProxy */;
		};
/* End PBXTargetDependency section */

/* Begin PBXVariantGroup section */
		C586BBCF24635EB5007E3C3F /* LaunchScreen.storyboard */ = {
			isa = PBXVariantGroup;
			children = (
				C586BBD024635EB5007E3C3F /* Base */,
			);
			name = LaunchScreen.storyboard;
			sourceTree = "<group>";
		};
/* End PBXVariantGroup section */

/* Begin XCBuildConfiguration section */
		C586BBE924635EB6007E3C3F /* Debug */ = {
			isa = XCBuildConfiguration;
			buildSettings = {
				ALWAYS_SEARCH_USER_PATHS = NO;
				CLANG_ANALYZER_NONNULL = YES;
				CLANG_ANALYZER_NUMBER_OBJECT_CONVERSION = YES_AGGRESSIVE;
				CLANG_CXX_LANGUAGE_STANDARD = "gnu++14";
				CLANG_CXX_LIBRARY = "libc++";
				CLANG_ENABLE_MODULES = YES;
				CLANG_ENABLE_OBJC_ARC = YES;
				CLANG_ENABLE_OBJC_WEAK = YES;
				CLANG_WARN_BLOCK_CAPTURE_AUTORELEASING = YES;
				CLANG_WARN_BOOL_CONVERSION = YES;
				CLANG_WARN_COMMA = YES;
				CLANG_WARN_CONSTANT_CONVERSION = YES;
				CLANG_WARN_DEPRECATED_OBJC_IMPLEMENTATIONS = YES;
				CLANG_WARN_DIRECT_OBJC_ISA_USAGE = YES_ERROR;
				CLANG_WARN_DOCUMENTATION_COMMENTS = YES;
				CLANG_WARN_EMPTY_BODY = YES;
				CLANG_WARN_ENUM_CONVERSION = YES;
				CLANG_WARN_INFINITE_RECURSION = YES;
				CLANG_WARN_INT_CONVERSION = YES;
				CLANG_WARN_NON_LITERAL_NULL_CONVERSION = YES;
				CLANG_WARN_OBJC_IMPLICIT_RETAIN_SELF = YES;
				CLANG_WARN_OBJC_LITERAL_CONVERSION = YES;
				CLANG_WARN_OBJC_ROOT_CLASS = YES_ERROR;
				CLANG_WARN_RANGE_LOOP_ANALYSIS = YES;
				CLANG_WARN_STRICT_PROTOTYPES = YES;
				CLANG_WARN_SUSPICIOUS_MOVE = YES;
				CLANG_WARN_UNGUARDED_AVAILABILITY = YES_AGGRESSIVE;
				CLANG_WARN_UNREACHABLE_CODE = YES;
				CLANG_WARN__DUPLICATE_METHOD_MATCH = YES;
				COPY_PHASE_STRIP = NO;
				DEBUG_INFORMATION_FORMAT = dwarf;
				ENABLE_STRICT_OBJC_MSGSEND = YES;
				ENABLE_TESTABILITY = YES;
				GCC_C_LANGUAGE_STANDARD = gnu11;
				GCC_DYNAMIC_NO_PIC = NO;
				GCC_NO_COMMON_BLOCKS = YES;
				GCC_OPTIMIZATION_LEVEL = 0;
				GCC_PREPROCESSOR_DEFINITIONS = (
					"DEBUG=1",
					"$(inherited)",
				);
				GCC_WARN_64_TO_32_BIT_CONVERSION = YES;
				GCC_WARN_ABOUT_RETURN_TYPE = YES_ERROR;
				GCC_WARN_UNDECLARED_SELECTOR = YES;
				GCC_WARN_UNINITIALIZED_AUTOS = YES_AGGRESSIVE;
				GCC_WARN_UNUSED_FUNCTION = YES;
				GCC_WARN_UNUSED_VARIABLE = YES;
				IPHONEOS_DEPLOYMENT_TARGET = 13.4;
				MTL_ENABLE_DEBUG_INFO = INCLUDE_SOURCE;
				MTL_FAST_MATH = YES;
				ONLY_ACTIVE_ARCH = YES;
				SDKROOT = iphoneos;
				SWIFT_ACTIVE_COMPILATION_CONDITIONS = DEBUG;
				SWIFT_OPTIMIZATION_LEVEL = "-Onone";
			};
			name = Debug;
		};
		C586BBEA24635EB6007E3C3F /* Release */ = {
			isa = XCBuildConfiguration;
			buildSettings = {
				ALWAYS_SEARCH_USER_PATHS = NO;
				CLANG_ANALYZER_NONNULL = YES;
				CLANG_ANALYZER_NUMBER_OBJECT_CONVERSION = YES_AGGRESSIVE;
				CLANG_CXX_LANGUAGE_STANDARD = "gnu++14";
				CLANG_CXX_LIBRARY = "libc++";
				CLANG_ENABLE_MODULES = YES;
				CLANG_ENABLE_OBJC_ARC = YES;
				CLANG_ENABLE_OBJC_WEAK = YES;
				CLANG_WARN_BLOCK_CAPTURE_AUTORELEASING = YES;
				CLANG_WARN_BOOL_CONVERSION = YES;
				CLANG_WARN_COMMA = YES;
				CLANG_WARN_CONSTANT_CONVERSION = YES;
				CLANG_WARN_DEPRECATED_OBJC_IMPLEMENTATIONS = YES;
				CLANG_WARN_DIRECT_OBJC_ISA_USAGE = YES_ERROR;
				CLANG_WARN_DOCUMENTATION_COMMENTS = YES;
				CLANG_WARN_EMPTY_BODY = YES;
				CLANG_WARN_ENUM_CONVERSION = YES;
				CLANG_WARN_INFINITE_RECURSION = YES;
				CLANG_WARN_INT_CONVERSION = YES;
				CLANG_WARN_NON_LITERAL_NULL_CONVERSION = YES;
				CLANG_WARN_OBJC_IMPLICIT_RETAIN_SELF = YES;
				CLANG_WARN_OBJC_LITERAL_CONVERSION = YES;
				CLANG_WARN_OBJC_ROOT_CLASS = YES_ERROR;
				CLANG_WARN_RANGE_LOOP_ANALYSIS = YES;
				CLANG_WARN_STRICT_PROTOTYPES = YES;
				CLANG_WARN_SUSPICIOUS_MOVE = YES;
				CLANG_WARN_UNGUARDED_AVAILABILITY = YES_AGGRESSIVE;
				CLANG_WARN_UNREACHABLE_CODE = YES;
				CLANG_WARN__DUPLICATE_METHOD_MATCH = YES;
				COPY_PHASE_STRIP = NO;
				DEBUG_INFORMATION_FORMAT = "dwarf-with-dsym";
				ENABLE_NS_ASSERTIONS = NO;
				ENABLE_STRICT_OBJC_MSGSEND = YES;
				GCC_C_LANGUAGE_STANDARD = gnu11;
				GCC_NO_COMMON_BLOCKS = YES;
				GCC_WARN_64_TO_32_BIT_CONVERSION = YES;
				GCC_WARN_ABOUT_RETURN_TYPE = YES_ERROR;
				GCC_WARN_UNDECLARED_SELECTOR = YES;
				GCC_WARN_UNINITIALIZED_AUTOS = YES_AGGRESSIVE;
				GCC_WARN_UNUSED_FUNCTION = YES;
				GCC_WARN_UNUSED_VARIABLE = YES;
				IPHONEOS_DEPLOYMENT_TARGET = 13.4;
				MTL_ENABLE_DEBUG_INFO = NO;
				MTL_FAST_MATH = YES;
				SDKROOT = iphoneos;
				SWIFT_COMPILATION_MODE = wholemodule;
				SWIFT_OPTIMIZATION_LEVEL = "-O";
				VALIDATE_PRODUCT = YES;
			};
			name = Release;
		};
		C586BBEC24635EB6007E3C3F /* Debug */ = {
			isa = XCBuildConfiguration;
			buildSettings = {
				ASSETCATALOG_COMPILER_APPICON_NAME = AppIcon;
				CODE_SIGN_STYLE = Automatic;
				DEVELOPMENT_ASSET_PATHS = "\"TinderClone/Preview Content\"";
				DEVELOPMENT_TEAM = 678G97L9R5;
				ENABLE_PREVIEWS = YES;
				INFOPLIST_FILE = TinderClone/Info.plist;
				LD_RUNPATH_SEARCH_PATHS = (
					"$(inherited)",
					"@executable_path/Frameworks",
				);
				PRODUCT_BUNDLE_IDENTIFIER = JacoboHernandez.TinderClone;
				PRODUCT_NAME = "$(TARGET_NAME)";
				SWIFT_VERSION = 5.0;
				TARGETED_DEVICE_FAMILY = "1,2";
			};
			name = Debug;
		};
		C586BBED24635EB6007E3C3F /* Release */ = {
			isa = XCBuildConfiguration;
			buildSettings = {
				ASSETCATALOG_COMPILER_APPICON_NAME = AppIcon;
				CODE_SIGN_STYLE = Automatic;
				DEVELOPMENT_ASSET_PATHS = "\"TinderClone/Preview Content\"";
				DEVELOPMENT_TEAM = 678G97L9R5;
				ENABLE_PREVIEWS = YES;
				INFOPLIST_FILE = TinderClone/Info.plist;
				LD_RUNPATH_SEARCH_PATHS = (
					"$(inherited)",
					"@executable_path/Frameworks",
				);
				PRODUCT_BUNDLE_IDENTIFIER = JacoboHernandez.TinderClone;
				PRODUCT_NAME = "$(TARGET_NAME)";
				SWIFT_VERSION = 5.0;
				TARGETED_DEVICE_FAMILY = "1,2";
			};
			name = Release;
		};
		C586BBEF24635EB6007E3C3F /* Debug */ = {
			isa = XCBuildConfiguration;
			buildSettings = {
				ALWAYS_EMBED_SWIFT_STANDARD_LIBRARIES = YES;
				BUNDLE_LOADER = "$(TEST_HOST)";
				CODE_SIGN_STYLE = Automatic;
				DEVELOPMENT_TEAM = 678G97L9R5;
				INFOPLIST_FILE = TinderCloneTests/Info.plist;
				IPHONEOS_DEPLOYMENT_TARGET = 13.4;
				LD_RUNPATH_SEARCH_PATHS = (
					"$(inherited)",
					"@executable_path/Frameworks",
					"@loader_path/Frameworks",
				);
				PRODUCT_BUNDLE_IDENTIFIER = JacoboHernandez.TinderCloneTests;
				PRODUCT_NAME = "$(TARGET_NAME)";
				SWIFT_VERSION = 5.0;
				TARGETED_DEVICE_FAMILY = "1,2";
				TEST_HOST = "$(BUILT_PRODUCTS_DIR)/TinderClone.app/TinderClone";
			};
			name = Debug;
		};
		C586BBF024635EB6007E3C3F /* Release */ = {
			isa = XCBuildConfiguration;
			buildSettings = {
				ALWAYS_EMBED_SWIFT_STANDARD_LIBRARIES = YES;
				BUNDLE_LOADER = "$(TEST_HOST)";
				CODE_SIGN_STYLE = Automatic;
				DEVELOPMENT_TEAM = 678G97L9R5;
				INFOPLIST_FILE = TinderCloneTests/Info.plist;
				IPHONEOS_DEPLOYMENT_TARGET = 13.4;
				LD_RUNPATH_SEARCH_PATHS = (
					"$(inherited)",
					"@executable_path/Frameworks",
					"@loader_path/Frameworks",
				);
				PRODUCT_BUNDLE_IDENTIFIER = JacoboHernandez.TinderCloneTests;
				PRODUCT_NAME = "$(TARGET_NAME)";
				SWIFT_VERSION = 5.0;
				TARGETED_DEVICE_FAMILY = "1,2";
				TEST_HOST = "$(BUILT_PRODUCTS_DIR)/TinderClone.app/TinderClone";
			};
			name = Release;
		};
		C586BBF224635EB6007E3C3F /* Debug */ = {
			isa = XCBuildConfiguration;
			buildSettings = {
				ALWAYS_EMBED_SWIFT_STANDARD_LIBRARIES = YES;
				CODE_SIGN_STYLE = Automatic;
				DEVELOPMENT_TEAM = 678G97L9R5;
				INFOPLIST_FILE = TinderCloneUITests/Info.plist;
				LD_RUNPATH_SEARCH_PATHS = (
					"$(inherited)",
					"@executable_path/Frameworks",
					"@loader_path/Frameworks",
				);
				PRODUCT_BUNDLE_IDENTIFIER = JacoboHernandez.TinderCloneUITests;
				PRODUCT_NAME = "$(TARGET_NAME)";
				SWIFT_VERSION = 5.0;
				TARGETED_DEVICE_FAMILY = "1,2";
				TEST_TARGET_NAME = TinderClone;
			};
			name = Debug;
		};
		C586BBF324635EB6007E3C3F /* Release */ = {
			isa = XCBuildConfiguration;
			buildSettings = {
				ALWAYS_EMBED_SWIFT_STANDARD_LIBRARIES = YES;
				CODE_SIGN_STYLE = Automatic;
				DEVELOPMENT_TEAM = 678G97L9R5;
				INFOPLIST_FILE = TinderCloneUITests/Info.plist;
				LD_RUNPATH_SEARCH_PATHS = (
					"$(inherited)",
					"@executable_path/Frameworks",
					"@loader_path/Frameworks",
				);
				PRODUCT_BUNDLE_IDENTIFIER = JacoboHernandez.TinderCloneUITests;
				PRODUCT_NAME = "$(TARGET_NAME)";
				SWIFT_VERSION = 5.0;
				TARGETED_DEVICE_FAMILY = "1,2";
				TEST_TARGET_NAME = TinderClone;
			};
			name = Release;
		};
/* End XCBuildConfiguration section */

/* Begin XCConfigurationList section */
		C586BBBC24635EB4007E3C3F /* Build configuration list for PBXProject "TinderClone" */ = {
			isa = XCConfigurationList;
			buildConfigurations = (
				C586BBE924635EB6007E3C3F /* Debug */,
				C586BBEA24635EB6007E3C3F /* Release */,
			);
			defaultConfigurationIsVisible = 0;
			defaultConfigurationName = Release;
		};
		C586BBEB24635EB6007E3C3F /* Build configuration list for PBXNativeTarget "TinderClone" */ = {
			isa = XCConfigurationList;
			buildConfigurations = (
				C586BBEC24635EB6007E3C3F /* Debug */,
				C586BBED24635EB6007E3C3F /* Release */,
			);
			defaultConfigurationIsVisible = 0;
			defaultConfigurationName = Release;
		};
		C586BBEE24635EB6007E3C3F /* Build configuration list for PBXNativeTarget "TinderCloneTests" */ = {
			isa = XCConfigurationList;
			buildConfigurations = (
				C586BBEF24635EB6007E3C3F /* Debug */,
				C586BBF024635EB6007E3C3F /* Release */,
			);
			defaultConfigurationIsVisible = 0;
			defaultConfigurationName = Release;
		};
		C586BBF124635EB6007E3C3F /* Build configuration list for PBXNativeTarget "TinderCloneUITests" */ = {
			isa = XCConfigurationList;
			buildConfigurations = (
				C586BBF224635EB6007E3C3F /* Debug */,
				C586BBF324635EB6007E3C3F /* Release */,
			);
			defaultConfigurationIsVisible = 0;
			defaultConfigurationName = Release;
		};
/* End XCConfigurationList section */
	};
	rootObject = C586BBB924635EB4007E3C3F /* Project object */;
}
